# This file is automatically @generated by Cargo.
# It is not intended for manual editing.
version = 4

[[package]]
name = "libc"
version = "0.2.189"
source = "registry+https://github.com/rust-lang/crates.io-index"
checksum = "3eaf3ede3fee6db1a4c2ee091bf8a8b4dccdc6d17f656fb07896ee72867612f2"

[[package]]
name = "qos-threads"
version = "0.1.3"
dependencies = [
 "libc",
 "rhusky",
]

[[package]]
name = "rhusky"
version = "0.0.6"
source = "registry+https://github.com/rust-lang/crates.io-index"
checksum = "bd58f5095f1eaaee85441008005db48773976f5bb85bedd35d6cf3f04db8ec4b"
